
Microsoft Visual Studio Solution File, Format Version 12.00
# Visual Studio Version 17
VisualStudioVersion = 17.13.35931.197 d17.13
MinimumVisualStudioVersion = 10.0.40219.1
Project("{FAE04EC0-301F-11D3-BF4B-00C04F79EFBC}") = "MeterBatchWithSQL", "MeterBatchWithSQL\MeterBatchWithSQL.csproj", "{856EB070-B872-4B31-A242-2BD143BE3654}"
EndProject
Global
	GlobalSection(SolutionConfigurationPlatforms) = preSolution
		Debug|Any CPU = Debug|Any CPU
		Release|Any CPU = Release|Any CPU
	EndGlobalSection
	GlobalSection(ProjectConfigurationPlatforms) = postSolution
		{856EB070-B872-4B31-A242-2BD143BE3654}.Debug|Any CPU.ActiveCfg = Debug|Any CPU
		{856EB070-B872-4B31-A242-2BD143BE3654}.Debug|Any CPU.Build.0 = Debug|Any CPU
		{856EB070-B872-4B31-A242-2BD143BE3654}.Release|Any CPU.ActiveCfg = Release|Any CPU
		{856EB070-B872-4B31-A242-2BD143BE3654}.Release|Any CPU.Build.0 = Release|Any CPU
	EndGlobalSection
	GlobalSection(SolutionProperties) = preSolution
		HideSolutionNode = FALSE
	EndGlobalSection
	GlobalSection(ExtensibilityGlobals) = postSolution
		SolutionGuid = {DF07828F-7E18-4FDF-8068-4428BB791FDB}
	EndGlobalSection
EndGlobal
